// !$*UTF8*$!
{
	archiveVersion = 1;
	classes = {
	};
	objectVersion = 55;
	objects = {

/* Begin PBXBuildFile section */
		661675D028A03A070020E756 /* Seed.json in Resources */ = {isa = PBXBuildFile; fileRef = 661675CF28A03A070020E756 /* Seed.json */; };
		666D89CA28A1867700F84CE2 /* BubbleTea.xcdatamodeld in Sources */ = {isa = PBXBuildFile; fileRef = 666D89C828A1867700F84CE2 /* BubbleTea.xcdatamodeld */; };
		666D89D528A18EA700F84CE2 /* Stats+CoreDataClass.swift in Sources */ = {isa = PBXBuildFile; fileRef = 666D89CB28A18EA700F84CE2 /* Stats+CoreDataClass.swift */; };
		666D89D628A18EA700F84CE2 /* Stats+CoreDataProperties.swift in Sources */ = {isa = PBXBuildFile; fileRef = 666D89CC28A18EA700F84CE2 /* Stats+CoreDataProperties.swift */; };
		666D89D728A18EA700F84CE2 /* Location+CoreDataClass.swift in Sources */ = {isa = PBXBuildFile; fileRef = 666D89CD28A18EA700F84CE2 /* Location+CoreDataClass.swift */; };
		666D89D828A18EA700F84CE2 /* Location+CoreDataProperties.swift in Sources */ = {isa = PBXBuildFile; fileRef = 666D89CE28A18EA700F84CE2 /* Location+CoreDataProperties.swift */; };
		666D89D928A18EA700F84CE2 /* Category+CoreDataClass.swift in Sources */ = {isa = PBXBuildFile; fileRef = 666D89CF28A18EA700F84CE2 /* Category+CoreDataClass.swift */; };
		666D89DA28A18EA700F84CE2 /* Category+CoreDataProperties.swift in Sources */ = {isa = PBXBuildFile; fileRef = 666D89D028A18EA700F84CE2 /* Category+CoreDataProperties.swift */; };
		666D89DB28A18EA700F84CE2 /* Venue+CoreDataClass.swift in Sources */ = {isa = PBXBuildFile; fileRef = 666D89D128A18EA700F84CE2 /* Venue+CoreDataClass.swift */; };
		666D89DC28A18EA700F84CE2 /* Venue+CoreDataProperties.swift in Sources */ = {isa = PBXBuildFile; fileRef = 666D89D228A18EA700F84CE2 /* Venue+CoreDataProperties.swift */; };
		666D89DD28A18EA700F84CE2 /* PriceInfo+CoreDataClass.swift in Sources */ = {isa = PBXBuildFile; fileRef = 666D89D328A18EA700F84CE2 /* PriceInfo+CoreDataClass.swift */; };
		666D89DE28A18EA700F84CE2 /* PriceInfo+CoreDataProperties.swift in Sources */ = {isa = PBXBuildFile; fileRef = 666D89D428A18EA700F84CE2 /* PriceInfo+CoreDataProperties.swift */; };
		6676C89E289AF64A00E27DB2 /* AppDelegate.swift in Sources */ = {isa = PBXBuildFile; fileRef = 6676C89D289AF64A00E27DB2 /* AppDelegate.swift */; };
		6676C8A0289AF64A00E27DB2 /* SceneDelegate.swift in Sources */ = {isa = PBXBuildFile; fileRef = 6676C89F289AF64A00E27DB2 /* SceneDelegate.swift */; };
		6676C8A2289AF64A00E27DB2 /* MainViewController.swift in Sources */ = {isa = PBXBuildFile; fileRef = 6676C8A1289AF64A00E27DB2 /* MainViewController.swift */; };
		6676C8A5289AF64A00E27DB2 /* Main.storyboard in Resources */ = {isa = PBXBuildFile; fileRef = 6676C8A3289AF64A00E27DB2 /* Main.storyboard */; };
		6676C8A7289AF64C00E27DB2 /* Assets.xcassets in Resources */ = {isa = PBXBuildFile; fileRef = 6676C8A6289AF64C00E27DB2 /* Assets.xcassets */; };
		6676C8AA289AF64C00E27DB2 /* LaunchScreen.storyboard in Resources */ = {isa = PBXBuildFile; fileRef = 6676C8A8289AF64C00E27DB2 /* LaunchScreen.storyboard */; };
		66C84B2B289C4C4400EAE1B9 /* CoreDataStack.swift in Sources */ = {isa = PBXBuildFile; fileRef = 66C84B2A289C4C4400EAE1B9 /* CoreDataStack.swift */; };
/* End PBXBuildFile section */

/* Begin PBXFileReference section */
		661675CF28A03A070020E756 /* Seed.json */ = {isa = PBXFileReference; fileEncoding = 4; lastKnownFileType = text.json; path = Seed.json; sourceTree = "<group>"; };
		666D89C928A1867700F84CE2 /* BubbleTea.xcdatamodel */ = {isa = PBXFileReference; lastKnownFileType = wrapper.xcdatamodel; path = BubbleTea.xcdatamodel; sourceTree = "<group>"; };
		666D89CB28A18EA700F84CE2 /* Stats+CoreDataClass.swift */ = {isa = PBXFileReference; lastKnownFileType = sourcecode.swift; path = "Stats+CoreDataClass.swift"; sourceTree = "<group>"; };
		666D89CC28A18EA700F84CE2 /* Stats+CoreDataProperties.swift */ = {isa = PBXFileReference; lastKnownFileType = sourcecode.swift; path = "Stats+CoreDataProperties.swift"; sourceTree = "<group>"; };
		666D89CD28A18EA700F84CE2 /* Location+CoreDataClass.swift */ = {isa = PBXFileReference; lastKnownFileType = sourcecode.swift; path = "Location+CoreDataClass.swift"; sourceTree = "<group>"; };
		666D89CE28A18EA700F84CE2 /* Location+CoreDataProperties.swift */ = {isa = PBXFileReference; lastKnownFileType = sourcecode.swift; path = "Location+CoreDataProperties.swift"; sourceTree = "<group>"; };
		666D89CF28A18EA700F84CE2 /* Category+CoreDataClass.swift */ = {isa = PBXFileReference; lastKnownFileType = sourcecode.swift; path = "Category+CoreDataClass.swift"; sourceTree = "<group>"; };
		666D89D028A18EA700F84CE2 /* Category+CoreDataProperties.swift */ = {isa = PBXFileReference; lastKnownFileType = sourcecode.swift; path = "Category+CoreDataProperties.swift"; sourceTree = "<group>"; };
		666D89D128A18EA700F84CE2 /* Venue+CoreDataClass.swift */ = {isa = PBXFileReference; lastKnownFileType = sourcecode.swift; path = "Venue+CoreDataClass.swift"; sourceTree = "<group>"; };
		666D89D228A18EA700F84CE2 /* Venue+CoreDataProperties.swift */ = {isa = PBXFileReference; lastKnownFileType = sourcecode.swift; path = "Venue+CoreDataProperties.swift"; sourceTree = "<group>"; };
		666D89D328A18EA700F84CE2 /* PriceInfo+CoreDataClass.swift */ = {isa = PBXFileReference; lastKnownFileType = sourcecode.swift; path = "PriceInfo+CoreDataClass.swift"; sourceTree = "<group>"; };
		666D89D428A18EA700F84CE2 /* PriceInfo+CoreDataProperties.swift */ = {isa = PBXFileReference; lastKnownFileType = sourcecode.swift; path = "PriceInfo+CoreDataProperties.swift"; sourceTree = "<group>"; };
		6676C89A289AF64A00E27DB2 /* BubbleTea.app */ = {isa = PBXFileReference; explicitFileType = wrapper.application; includeInIndex = 0; path = BubbleTea.app; sourceTree = BUILT_PRODUCTS_DIR; };
		6676C89D289AF64A00E27DB2 /* AppDelegate.swift */ = {isa = PBXFileReference; lastKnownFileType = sourcecode.swift; path = AppDelegate.swift; sourceTree = "<group>"; };
		6676C89F289AF64A00E27DB2 /* SceneDelegate.swift */ = {isa = PBXFileReference; lastKnownFileType = sourcecode.swift; path = SceneDelegate.swift; sourceTree = "<group>"; };
		6676C8A1289AF64A00E27DB2 /* MainViewController.swift */ = {isa = PBXFileReference; lastKnownFileType = sourcecode.swift; path = MainViewController.swift; sourceTree = "<group>"; };
		6676C8A4289AF64A00E27DB2 /* Base */ = {isa = PBXFileReference; lastKnownFileType = file.storyboard; name = Base; path = Base.lproj/Main.storyboard; sourceTree = "<group>"; };
		6676C8A6289AF64C00E27DB2 /* Assets.xcassets */ = {isa = PBXFileReference; lastKnownFileType = folder.assetcatalog; path = Assets.xcassets; sourceTree = "<group>"; };
		6676C8A9289AF64C00E27DB2 /* Base */ = {isa = PBXFileReference; lastKnownFileType = file.storyboard; name = Base; path = Base.lproj/LaunchScreen.storyboard; sourceTree = "<group>"; };
		6676C8AB289AF64C00E27DB2 /* Info.plist */ = {isa = PBXFileReference; lastKnownFileType = text.plist.xml; path = Info.plist; sourceTree = "<group>"; };
		66C84B2A289C4C4400EAE1B9 /* CoreDataStack.swift */ = {isa = PBXFileReference; lastKnownFileType = sourcecode.swift; path = CoreDataStack.swift; sourceTree = "<group>"; };
/* End PBXFileReference section */

/* Begin PBXFrameworksBuildPhase section */
		6676C897289AF64A00E27DB2 /* Frameworks */ = {
			isa = PBXFrameworksBuildPhase;
			buildActionMask = 2147483647;
			files = (
			);
			runOnlyForDeploymentPostprocessing = 0;
		};
/* End PBXFrameworksBuildPhase section */

/* Begin PBXGroup section */
		666D89DF28A18EBD00F84CE2 /* NSManagedObject */ = {
			isa = PBXGroup;
			children = (
				666D89CB28A18EA700F84CE2 /* Stats+CoreDataClass.swift */,
				666D89CC28A18EA700F84CE2 /* Stats+CoreDataProperties.swift */,
				666D89CD28A18EA700F84CE2 /* Location+CoreDataClass.swift */,
				666D89CE28A18EA700F84CE2 /* Location+CoreDataProperties.swift */,
				666D89CF28A18EA700F84CE2 /* Category+CoreDataClass.swift */,
				666D89D028A18EA700F84CE2 /* Category+CoreDataProperties.swift */,
				666D89D128A18EA700F84CE2 /* Venue+CoreDataClass.swift */,
				666D89D228A18EA700F84CE2 /* Venue+CoreDataProperties.swift */,
				666D89D328A18EA700F84CE2 /* PriceInfo+CoreDataClass.swift */,
				666D89D428A18EA700F84CE2 /* PriceInfo+CoreDataProperties.swift */,
			);
			path = NSManagedObject;
			sourceTree = "<group>";
		};
		6676C891289AF64A00E27DB2 = {
			isa = PBXGroup;
			children = (
				6676C89C289AF64A00E27DB2 /* BubbleTea */,
				6676C89B289AF64A00E27DB2 /* Products */,
			);
			sourceTree = "<group>";
		};
		6676C89B289AF64A00E27DB2 /* Products */ = {
			isa = PBXGroup;
			children = (
				6676C89A289AF64A00E27DB2 /* BubbleTea.app */,
			);
			name = Products;
			sourceTree = "<group>";
		};
		6676C89C289AF64A00E27DB2 /* BubbleTea */ = {
			isa = PBXGroup;
			children = (
				6676C8B3289AF77A00E27DB2 /* Screens */,
				6676C8B6289AF7AC00E27DB2 /* Utilities */,
				66C84B2D289D99C400EAE1B9 /* Storage */,
			);
			path = BubbleTea;
			sourceTree = "<group>";
		};
		6676C8B3289AF77A00E27DB2 /* Screens */ = {
			isa = PBXGroup;
			children = (
				6676C8B4289AF78700E27DB2 /* Main */,
				6676C8B5289AF7A000E27DB2 /* Launch */,
			);
			path = Screens;
			sourceTree = "<group>";
		};
		6676C8B4289AF78700E27DB2 /* Main */ = {
			isa = PBXGroup;
			children = (
				6676C8A1289AF64A00E27DB2 /* MainViewController.swift */,
				6676C8A3289AF64A00E27DB2 /* Main.storyboard */,
			);
			path = Main;
			sourceTree = "<group>";
		};
		6676C8B5289AF7A000E27DB2 /* Launch */ = {
			isa = PBXGroup;
			children = (
				6676C8A8289AF64C00E27DB2 /* LaunchScreen.storyboard */,
			);
			path = Launch;
			sourceTree = "<group>";
		};
		6676C8B6289AF7AC00E27DB2 /* Utilities */ = {
			isa = PBXGroup;
			children = (
				6676C89D289AF64A00E27DB2 /* AppDelegate.swift */,
				6676C89F289AF64A00E27DB2 /* SceneDelegate.swift */,
				6676C8A6289AF64C00E27DB2 /* Assets.xcassets */,
				6676C8AB289AF64C00E27DB2 /* Info.plist */,
				661675CF28A03A070020E756 /* Seed.json */,
			);
			path = Utilities;
			sourceTree = "<group>";
		};
		66C84B2D289D99C400EAE1B9 /* Storage */ = {
			isa = PBXGroup;
			children = (
				666D89DF28A18EBD00F84CE2 /* NSManagedObject */,
				666D89C828A1867700F84CE2 /* BubbleTea.xcdatamodeld */,
				66C84B2A289C4C4400EAE1B9 /* CoreDataStack.swift */,
			);
			path = Storage;
			sourceTree = "<group>";
		};
/* End PBXGroup section */

/* Begin PBXNativeTarget section */
		6676C899289AF64A00E27DB2 /* BubbleTea */ = {
			isa = PBXNativeTarget;
			buildConfigurationList = 6676C8AE289AF64C00E27DB2 /* Build configuration list for PBXNativeTarget "BubbleTea" */;
			buildPhases = (
				6676C896289AF64A00E27DB2 /* Sources */,
				6676C897289AF64A00E27DB2 /* Frameworks */,
				6676C898289AF64A00E27DB2 /* Resources */,
			);
			buildRules = (
			);
			dependencies = (
			);
			name = BubbleTea;
			productName = BubbleTea;
			productReference = 6676C89A289AF64A00E27DB2 /* BubbleTea.app */;
			productType = "com.apple.product-type.application";
		};
/* End PBXNativeTarget section */

/* Begin PBXProject section */
		6676C892289AF64A00E27DB2 /* Project object */ = {
			isa = PBXProject;
			attributes = {
				BuildIndependentTargetsInParallel = 1;
				LastSwiftUpdateCheck = 1340;
				LastUpgradeCheck = 1340;
				ORGANIZATIONNAME = slemeshaev;
				TargetAttributes = {
					6676C899289AF64A00E27DB2 = {
						CreatedOnToolsVersion = 13.4.1;
					};
				};
			};
			buildConfigurationList = 6676C895289AF64A00E27DB2 /* Build configuration list for PBXProject "BubbleTea" */;
			compatibilityVersion = "Xcode 13.0";
			developmentRegion = en;
			hasScannedForEncodings = 0;
			knownRegions = (
				en,
				Base,
			);
			mainGroup = 6676C891289AF64A00E27DB2;
			productRefGroup = 6676C89B289AF64A00E27DB2 /* Products */;
			projectDirPath = "";
			projectRoot = "";
			targets = (
				6676C899289AF64A00E27DB2 /* BubbleTea */,
			);
		};
/* End PBXProject section */

/* Begin PBXResourcesBuildPhase section */
		6676C898289AF64A00E27DB2 /* Resources */ = {
			isa = PBXResourcesBuildPhase;
			buildActionMask = 2147483647;
			files = (
				6676C8AA289AF64C00E27DB2 /* LaunchScreen.storyboard in Resources */,
				6676C8A7289AF64C00E27DB2 /* Assets.xcassets in Resources */,
				661675D028A03A070020E756 /* Seed.json in Resources */,
				6676C8A5289AF64A00E27DB2 /* Main.storyboard in Resources */,
			);
			runOnlyForDeploymentPostprocessing = 0;
		};
/* End PBXResourcesBuildPhase section */

/* Begin PBXSourcesBuildPhase section */
		6676C896289AF64A00E27DB2 /* Sources */ = {
			isa = PBXSourcesBuildPhase;
			buildActionMask = 2147483647;
			files = (
				6676C8A2289AF64A00E27DB2 /* MainViewController.swift in Sources */,
				666D89D628A18EA700F84CE2 /* Stats+CoreDataProperties.swift in Sources */,
				666D89DE28A18EA700F84CE2 /* PriceInfo+CoreDataProperties.swift in Sources */,
				6676C89E289AF64A00E27DB2 /* AppDelegate.swift in Sources */,
				666D89D928A18EA700F84CE2 /* Category+CoreDataClass.swift in Sources */,
				6676C8A0289AF64A00E27DB2 /* SceneDelegate.swift in Sources */,
				666D89D728A18EA700F84CE2 /* Location+CoreDataClass.swift in Sources */,
				666D89DA28A18EA700F84CE2 /* Category+CoreDataProperties.swift in Sources */,
				666D89DB28A18EA700F84CE2 /* Venue+CoreDataClass.swift in Sources */,
				666D89D828A18EA700F84CE2 /* Location+CoreDataProperties.swift in Sources */,
				666D89DC28A18EA700F84CE2 /* Venue+CoreDataProperties.swift in Sources */,
				66C84B2B289C4C4400EAE1B9 /* CoreDataStack.swift in Sources */,
				666D89DD28A18EA700F84CE2 /* PriceInfo+CoreDataClass.swift in Sources */,
				666D89CA28A1867700F84CE2 /* BubbleTea.xcdatamodeld in Sources */,
				666D89D528A18EA700F84CE2 /* Stats+CoreDataClass.swift in Sources */,
			);
			runOnlyForDeploymentPostprocessing = 0;
		};
/* End PBXSourcesBuildPhase section */

/* Begin PBXVariantGroup section */
		6676C8A3289AF64A00E27DB2 /* Main.storyboard */ = {
			isa = PBXVariantGroup;
			children = (
				6676C8A4289AF64A00E27DB2 /* Base */,
			);
			name = Main.storyboard;
			sourceTree = "<group>";
		};
		6676C8A8289AF64C00E27DB2 /* LaunchScreen.storyboard */ = {
			isa = PBXVariantGroup;
			children = (
				6676C8A9289AF64C00E27DB2 /* Base */,
			);
			name = LaunchScreen.storyboard;
			sourceTree = "<group>";
		};
/* End PBXVariantGroup section */

/* Begin XCBuildConfiguration section */
		6676C8AC289AF64C00E27DB2 /* Debug */ = {
			isa = XCBuildConfiguration;
			buildSettings = {
				ALWAYS_SEARCH_USER_PATHS = NO;
				CLANG_ANALYZER_NONNULL = YES;
				CLANG_ANALYZER_NUMBER_OBJECT_CONVERSION = YES_AGGRESSIVE;
				CLANG_CXX_LANGUAGE_STANDARD = "gnu++17";
				CLANG_ENABLE_MODULES = YES;
				CLANG_ENABLE_OBJC_ARC = YES;
				CLANG_ENABLE_OBJC_WEAK = YES;
				CLANG_WARN_BLOCK_CAPTURE_AUTORELEASING = YES;
				CLANG_WARN_BOOL_CONVERSION = YES;
				CLANG_WARN_COMMA = YES;
				CLANG_WARN_CONSTANT_CONVERSION = YES;
				CLANG_WARN_DEPRECATED_OBJC_IMPLEMENTATIONS = YES;
				CLANG_WARN_DIRECT_OBJC_ISA_USAGE = YES_ERROR;
				CLANG_WARN_DOCUMENTATION_COMMENTS = YES;
				CLANG_WARN_EMPTY_BODY = YES;
				CLANG_WARN_ENUM_CONVERSION = YES;
				CLANG_WARN_INFINITE_RECURSION = YES;
				CLANG_WARN_INT_CONVERSION = YES;
				CLANG_WARN_NON_LITERAL_NULL_CONVERSION = YES;
				CLANG_WARN_OBJC_IMPLICIT_RETAIN_SELF = YES;
				CLANG_WARN_OBJC_LITERAL_CONVERSION = YES;
				CLANG_WARN_OBJC_ROOT_CLASS = YES_ERROR;
				CLANG_WARN_QUOTED_INCLUDE_IN_FRAMEWORK_HEADER = YES;
				CLANG_WARN_RANGE_LOOP_ANALYSIS = YES;
				CLANG_WARN_STRICT_PROTOTYPES = YES;
				CLANG_WARN_SUSPICIOUS_MOVE = YES;
				CLANG_WARN_UNGUARDED_AVAILABILITY = YES_AGGRESSIVE;
				CLANG_WARN_UNREACHABLE_CODE = YES;
				CLANG_WARN__DUPLICATE_METHOD_MATCH = YES;
				COPY_PHASE_STRIP = NO;
				DEBUG_INFORMATION_FORMAT = dwarf;
				ENABLE_STRICT_OBJC_MSGSEND = YES;
				ENABLE_TESTABILITY = YES;
				GCC_C_LANGUAGE_STANDARD = gnu11;
				GCC_DYNAMIC_NO_PIC = NO;
				GCC_NO_COMMON_BLOCKS = YES;
				GCC_OPTIMIZATION_LEVEL = 0;
				GCC_PREPROCESSOR_DEFINITIONS = (
					"DEBUG=1",
					"$(inherited)",
				);
				GCC_WARN_64_TO_32_BIT_CONVERSION = YES;
				GCC_WARN_ABOUT_RETURN_TYPE = YES_ERROR;
				GCC_WARN_UNDECLARED_SELECTOR = YES;
				GCC_WARN_UNINITIALIZED_AUTOS = YES_AGGRESSIVE;
				GCC_WARN_UNUSED_FUNCTION = YES;
				GCC_WARN_UNUSED_VARIABLE = YES;
				IPHONEOS_DEPLOYMENT_TARGET = 15.1;
				MTL_ENABLE_DEBUG_INFO = INCLUDE_SOURCE;
				MTL_FAST_MATH = YES;
				ONLY_ACTIVE_ARCH = YES;
				SDKROOT = iphoneos;
				SWIFT_ACTIVE_COMPILATION_CONDITIONS = DEBUG;
				SWIFT_OPTIMIZATION_LEVEL = "-Onone";
			};
			name = Debug;
		};
		6676C8AD289AF64C00E27DB2 /* Release */ = {
			isa = XCBuildConfiguration;
			buildSettings = {
				ALWAYS_SEARCH_USER_PATHS = NO;
				CLANG_ANALYZER_NONNULL = YES;
				CLANG_ANALYZER_NUMBER_OBJECT_CONVERSION = YES_AGGRESSIVE;
				CLANG_CXX_LANGUAGE_STANDARD = "gnu++17";
				CLANG_ENABLE_MODULES = YES;
				CLANG_ENABLE_OBJC_ARC = YES;
				CLANG_ENABLE_OBJC_WEAK = YES;
				CLANG_WARN_BLOCK_CAPTURE_AUTORELEASING = YES;
				CLANG_WARN_BOOL_CONVERSION = YES;
				CLANG_WARN_COMMA = YES;
				CLANG_WARN_CONSTANT_CONVERSION = YES;
				CLANG_WARN_DEPRECATED_OBJC_IMPLEMENTATIONS = YES;
				CLANG_WARN_DIRECT_OBJC_ISA_USAGE = YES_ERROR;
				CLANG_WARN_DOCUMENTATION_COMMENTS = YES;
				CLANG_WARN_EMPTY_BODY = YES;
				CLANG_WARN_ENUM_CONVERSION = YES;
				CLANG_WARN_INFINITE_RECURSION = YES;
				CLANG_WARN_INT_CONVERSION = YES;
				CLANG_WARN_NON_LITERAL_NULL_CONVERSION = YES;
				CLANG_WARN_OBJC_IMPLICIT_RETAIN_SELF = YES;
				CLANG_WARN_OBJC_LITERAL_CONVERSION = YES;
				CLANG_WARN_OBJC_ROOT_CLASS = YES_ERROR;
				CLANG_WARN_QUOTED_INCLUDE_IN_FRAMEWORK_HEADER = YES;
				CLANG_WARN_RANGE_LOOP_ANALYSIS = YES;
				CLANG_WARN_STRICT_PROTOTYPES = YES;
				CLANG_WARN_SUSPICIOUS_MOVE = YES;
				CLANG_WARN_UNGUARDED_AVAILABILITY = YES_AGGRESSIVE;
				CLANG_WARN_UNREACHABLE_CODE = YES;
				CLANG_WARN__DUPLICATE_METHOD_MATCH = YES;
				COPY_PHASE_STRIP = NO;
				DEBUG_INFORMATION_FORMAT = "dwarf-with-dsym";
				ENABLE_NS_ASSERTIONS = NO;
				ENABLE_STRICT_OBJC_MSGSEND = YES;
				GCC_C_LANGUAGE_STANDARD = gnu11;
				GCC_NO_COMMON_BLOCKS = YES;
				GCC_WARN_64_TO_32_BIT_CONVERSION = YES;
				GCC_WARN_ABOUT_RETURN_TYPE = YES_ERROR;
				GCC_WARN_UNDECLARED_SELECTOR = YES;
				GCC_WARN_UNINITIALIZED_AUTOS = YES_AGGRESSIVE;
				GCC_WARN_UNUSED_FUNCTION = YES;
				GCC_WARN_UNUSED_VARIABLE = YES;
				IPHONEOS_DEPLOYMENT_TARGET = 15.1;
				MTL_ENABLE_DEBUG_INFO = NO;
				MTL_FAST_MATH = YES;
				SDKROOT = iphoneos;
				SWIFT_COMPILATION_MODE = wholemodule;
				SWIFT_OPTIMIZATION_LEVEL = "-O";
				VALIDATE_PRODUCT = YES;
			};
			name = Release;
		};
		6676C8AF289AF64C00E27DB2 /* Debug */ = {
			isa = XCBuildConfiguration;
			buildSettings = {
				ASSETCATALOG_COMPILER_APPICON_NAME = AppIcon;
				ASSETCATALOG_COMPILER_GLOBAL_ACCENT_COLOR_NAME = AccentColor;
				CODE_SIGN_STYLE = Automatic;
				CURRENT_PROJECT_VERSION = 1;
				DEVELOPMENT_TEAM = 5GWB2H668N;
				GENERATE_INFOPLIST_FILE = YES;
				INFOPLIST_FILE = BubbleTea/Utilities/Info.plist;
				INFOPLIST_KEY_CFBundleDisplayName = "Bubble Tea";
				INFOPLIST_KEY_UIApplicationSupportsIndirectInputEvents = YES;
				INFOPLIST_KEY_UILaunchStoryboardName = LaunchScreen;
				INFOPLIST_KEY_UIMainStoryboardFile = Main;
				INFOPLIST_KEY_UISupportedInterfaceOrientations_iPad = "UIInterfaceOrientationPortrait UIInterfaceOrientationPortraitUpsideDown UIInterfaceOrientationLandscapeLeft UIInterfaceOrientationLandscapeRight";
				INFOPLIST_KEY_UISupportedInterfaceOrientations_iPhone = "UIInterfaceOrientationPortrait UIInterfaceOrientationLandscapeLeft UIInterfaceOrientationLandscapeRight";
				IPHONEOS_DEPLOYMENT_TARGET = 15.1;
				LD_RUNPATH_SEARCH_PATHS = (
					"$(inherited)",
					"@executable_path/Frameworks",
				);
				MARKETING_VERSION = 1.0;
				PRODUCT_BUNDLE_IDENTIFIER = com.slemeshaev.BubbleTea;
				PRODUCT_NAME = "$(TARGET_NAME)";
				SWIFT_EMIT_LOC_STRINGS = YES;
				SWIFT_VERSION = 5.0;
				TARGETED_DEVICE_FAMILY = 1;
			};
			name = Debug;
		};
		6676C8B0289AF64C00E27DB2 /* Release */ = {
			isa = XCBuildConfiguration;
			buildSettings = {
				ASSETCATALOG_COMPILER_APPICON_NAME = AppIcon;
				ASSETCATALOG_COMPILER_GLOBAL_ACCENT_COLOR_NAME = AccentColor;
				CODE_SIGN_STYLE = Automatic;
				CURRENT_PROJECT_VERSION = 1;
				DEVELOPMENT_TEAM = 5GWB2H668N;
				GENERATE_INFOPLIST_FILE = YES;
				INFOPLIST_FILE = BubbleTea/Utilities/Info.plist;
				INFOPLIST_KEY_CFBundleDisplayName = "Bubble Tea";
				INFOPLIST_KEY_UIApplicationSupportsIndirectInputEvents = YES;
				INFOPLIST_KEY_UILaunchStoryboardName = LaunchScreen;
				INFOPLIST_KEY_UIMainStoryboardFile = Main;
				INFOPLIST_KEY_UISupportedInterfaceOrientations_iPad = "UIInterfaceOrientationPortrait UIInterfaceOrientationPortraitUpsideDown UIInterfaceOrientationLandscapeLeft UIInterfaceOrientationLandscapeRight";
				INFOPLIST_KEY_UISupportedInterfaceOrientations_iPhone = "UIInterfaceOrientationPortrait UIInterfaceOrientationLandscapeLeft UIInterfaceOrientationLandscapeRight";
				IPHONEOS_DEPLOYMENT_TARGET = 15.1;
				LD_RUNPATH_SEARCH_PATHS = (
					"$(inherited)",
					"@executable_path/Frameworks",
				);
				MARKETING_VERSION = 1.0;
				PRODUCT_BUNDLE_IDENTIFIER = com.slemeshaev.BubbleTea;
				PRODUCT_NAME = "$(TARGET_NAME)";
				SWIFT_EMIT_LOC_STRINGS = YES;
				SWIFT_VERSION = 5.0;
				TARGETED_DEVICE_FAMILY = 1;
			};
			name = Release;
		};
/* End XCBuildConfiguration section */

/* Begin XCConfigurationList section */
		6676C895289AF64A00E27DB2 /* Build configuration list for PBXProject "BubbleTea" */ = {
			isa = XCConfigurationList;
			buildConfigurations = (
				6676C8AC289AF64C00E27DB2 /* Debug */,
				6676C8AD289AF64C00E27DB2 /* Release */,
			);
			defaultConfigurationIsVisible = 0;
			defaultConfigurationName = Release;
		};
		6676C8AE289AF64C00E27DB2 /* Build configuration list for PBXNativeTarget "BubbleTea" */ = {
			isa = XCConfigurationList;
			buildConfigurations = (
				6676C8AF289AF64C00E27DB2 /* Debug */,
				6676C8B0289AF64C00E27DB2 /* Release */,
			);
			defaultConfigurationIsVisible = 0;
			defaultConfigurationName = Release;
		};
/* End XCConfigurationList section */

/* Begin XCVersionGroup section */
		666D89C828A1867700F84CE2 /* BubbleTea.xcdatamodeld */ = {
			isa = XCVersionGroup;
			children = (
				666D89C928A1867700F84CE2 /* BubbleTea.xcdatamodel */,
			);
			currentVersion = 666D89C928A1867700F84CE2 /* BubbleTea.xcdatamodel */;
			path = BubbleTea.xcdatamodeld;
			sourceTree = "<group>";
			versionGroupType = wrapper.xcdatamodel;
		};
/* End XCVersionGroup section */
	};
	rootObject = 6676C892289AF64A00E27DB2 /* Project object */;
}
